
Microsoft Visual Studio Solution File, Format Version 12.00
# Visual Studio Version 16
VisualStudioVersion = 16.0.30114.105
MinimumVisualStudioVersion = 10.0.40219.1
Project("{FAE04EC0-301F-11D3-BF4B-00C04F79EFBC}") = "Engine", "Engine\Engine.csproj", "{1C295DD6-A040-45E2-9E64-B68899141F57}"
EndProject
Project("{FAE04EC0-301F-11D3-BF4B-00C04F79EFBC}") = "Engine.Tests", "Engine.Tests\Engine.Tests.csproj", "{66107AAD-D00C-4DD0-BAF8-206CB3ABEABD}"
EndProject
Project("{FAE04EC0-301F-11D3-BF4B-00C04F79EFBC}") = "Benchmarks", "Benchmarks\Benchmarks.csproj", "{4B2C80B2-33A8-497B-8F64-0DA30BCAE29A}"
EndProject
Global
	GlobalSection(SolutionConfigurationPlatforms) = preSolution
		Debug|Any CPU = Debug|Any CPU
		Release|Any CPU = Release|Any CPU
	EndGlobalSection
	GlobalSection(SolutionProperties) = preSolution
		HideSolutionNode = FALSE
	EndGlobalSection
	GlobalSection(ProjectConfigurationPlatforms) = postSolution
		{1C295DD6-A040-45E2-9E64-B68899141F57}.Debug|Any CPU.ActiveCfg = Debug|Any CPU
		{1C295DD6-A040-45E2-9E64-B68899141F57}.Debug|Any CPU.Build.0 = Debug|Any CPU
		{1C295DD6-A040-45E2-9E64-B68899141F57}.Release|Any CPU.ActiveCfg = Release|Any CPU
		{1C295DD6-A040-45E2-9E64-B68899141F57}.Release|Any CPU.Build.0 = Release|Any CPU
		{66107AAD-D00C-4DD0-BAF8-206CB3ABEABD}.Debug|Any CPU.ActiveCfg = Debug|Any CPU
		{66107AAD-D00C-4DD0-BAF8-206CB3ABEABD}.Debug|Any CPU.Build.0 = Debug|Any CPU
		{66107AAD-D00C-4DD0-BAF8-206CB3ABEABD}.Release|Any CPU.ActiveCfg = Release|Any CPU
		{66107AAD-D00C-4DD0-BAF8-206CB3ABEABD}.Release|Any CPU.Build.0 = Release|Any CPU
		{4B2C80B2-33A8-497B-8F64-0DA30BCAE29A}.Debug|Any CPU.ActiveCfg = Debug|Any CPU
		{4B2C80B2-33A8-497B-8F64-0DA30BCAE29A}.Debug|Any CPU.Build.0 = Debug|Any CPU
		{4B2C80B2-33A8-497B-8F64-0DA30BCAE29A}.Release|Any CPU.ActiveCfg = Release|Any CPU
		{4B2C80B2-33A8-497B-8F64-0DA30BCAE29A}.Release|Any CPU.Build.0 = Release|Any CPU
	EndGlobalSection
EndGlobal
